
Microsoft Visual Studio Solution File, Format Version 12.00
# Visual Studio Version 17
VisualStudioVersion = 17.1.32414.318
MinimumVisualStudioVersion = 10.0.40219.1
Project("{FAE04EC0-301F-11D3-BF4B-00C04F79EFBC}") = "UserValidacaoUnifor", "UserValidacaoUnifor\UserValidacaoUnifor.csproj", "{5804542C-B625-4DCD-A1A6-8CF9F57C3B09}"
EndProject
Global
	GlobalSection(SolutionConfigurationPlatforms) = preSolution
		Debug|Any CPU = Debug|Any CPU
		Release|Any CPU = Release|Any CPU
	EndGlobalSection
	GlobalSection(ProjectConfigurationPlatforms) = postSolution
		{5804542C-B625-4DCD-A1A6-8CF9F57C3B09}.Debug|Any CPU.ActiveCfg = Debug|Any CPU
		{5804542C-B625-4DCD-A1A6-8CF9F57C3B09}.Debug|Any CPU.Build.0 = Debug|Any CPU
		{5804542C-B625-4DCD-A1A6-8CF9F57C3B09}.Release|Any CPU.ActiveCfg = Release|Any CPU
		{5804542C-B625-4DCD-A1A6-8CF9F57C3B09}.Release|Any CPU.Build.0 = Release|Any CPU
	EndGlobalSection
	GlobalSection(SolutionProperties) = preSolution
		HideSolutionNode = FALSE
	EndGlobalSection
	GlobalSection(ExtensibilityGlobals) = postSolution
		SolutionGuid = {E42F8A9D-04EE-434E-89FD-72288580334C}
	EndGlobalSection
EndGlobal
